Microsoft Visual Studio Solution File, Format Version 12.00
# Visual Studio 2012
Project("{FAE04EC0-301F-11D3-BF4B-00C04F79EFBC}") = "QuadrumPrototype", "QuadrumPrototype.csproj", "{D2B9589F-068E-4012-935C-943C9FBB0067}"
EndProject
Project("{FAE04EC0-301F-11D3-BF4B-00C04F79EFBC}") = "Quadrum.Game", "..\..\src\Quadrum.Game\Quadrum.Game.csproj", "{F39674C7-945D-4C8F-BDCA-B5A02AE5F046}"
EndProject
Project("{FAE04EC0-301F-11D3-BF4B-00C04F79EFBC}") = "Quadrum.Modules.Abilities", "..\..\src\Quadrum.Modules.Abilities\Quadrum.Modules.Abilities.csproj", "{F5D46823-04C1-46CF-B2DF-B1D1D9C3F47C}"
EndProject
Project("{FAE04EC0-301F-11D3-BF4B-00C04F79EFBC}") = "Quadrum.Game.Super", "..\..\src\Quadrum.Game.Super\Quadrum.Game.Super.csproj", "{ED6DC4F4-187D-48F1-BFA9-E2C14901BDDE}"
EndProject
Global
	GlobalSection(SolutionConfigurationPlatforms) = preSolution
	Debug|Any CPU = Debug|Any CPU
	ExportDebug|Any CPU = ExportDebug|Any CPU
	ExportRelease|Any CPU = ExportRelease|Any CPU
	EndGlobalSection
	GlobalSection(ProjectConfigurationPlatforms) = postSolution
		{D2B9589F-068E-4012-935C-943C9FBB0067}.Debug|Any CPU.ActiveCfg = Debug|Any CPU
		{D2B9589F-068E-4012-935C-943C9FBB0067}.Debug|Any CPU.Build.0 = Debug|Any CPU
		{D2B9589F-068E-4012-935C-943C9FBB0067}.ExportDebug|Any CPU.ActiveCfg = ExportDebug|Any CPU
		{D2B9589F-068E-4012-935C-943C9FBB0067}.ExportDebug|Any CPU.Build.0 = ExportDebug|Any CPU
		{D2B9589F-068E-4012-935C-943C9FBB0067}.ExportRelease|Any CPU.ActiveCfg = ExportRelease|Any CPU
		{D2B9589F-068E-4012-935C-943C9FBB0067}.ExportRelease|Any CPU.Build.0 = ExportRelease|Any CPU
		
		{F39674C7-945D-4C8F-BDCA-B5A02AE5F046}.Debug|Any CPU.ActiveCfg = Debug|Any CPU
		{F39674C7-945D-4C8F-BDCA-B5A02AE5F046}.Debug|Any CPU.Build.0 = Debug|Any CPU
		{F39674C7-945D-4C8F-BDCA-B5A02AE5F046}.ExportDebug|Any CPU.ActiveCfg = Debug|Any CPU
		{F39674C7-945D-4C8F-BDCA-B5A02AE5F046}.ExportDebug|Any CPU.Build.0 = Debug|Any CPU
		{F39674C7-945D-4C8F-BDCA-B5A02AE5F046}.ExportRelease|Any CPU.ActiveCfg = Debug|Any CPU
		{F39674C7-945D-4C8F-BDCA-B5A02AE5F046}.ExportRelease|Any CPU.Build.0 = Debug|Any CPU
		{F5D46823-04C1-46CF-B2DF-B1D1D9C3F47C}.Debug|Any CPU.ActiveCfg = Debug|Any CPU
		{F5D46823-04C1-46CF-B2DF-B1D1D9C3F47C}.Debug|Any CPU.Build.0 = Debug|Any CPU
		{F5D46823-04C1-46CF-B2DF-B1D1D9C3F47C}.ExportDebug|Any CPU.ActiveCfg = Debug|Any CPU
		{F5D46823-04C1-46CF-B2DF-B1D1D9C3F47C}.ExportDebug|Any CPU.Build.0 = Debug|Any CPU
		{F5D46823-04C1-46CF-B2DF-B1D1D9C3F47C}.ExportRelease|Any CPU.ActiveCfg = Debug|Any CPU
		{F5D46823-04C1-46CF-B2DF-B1D1D9C3F47C}.ExportRelease|Any CPU.Build.0 = Debug|Any CPU
		{ED6DC4F4-187D-48F1-BFA9-E2C14901BDDE}.Debug|Any CPU.ActiveCfg = Debug|Any CPU
		{ED6DC4F4-187D-48F1-BFA9-E2C14901BDDE}.Debug|Any CPU.Build.0 = Debug|Any CPU
		{ED6DC4F4-187D-48F1-BFA9-E2C14901BDDE}.ExportDebug|Any CPU.ActiveCfg = Debug|Any CPU
		{ED6DC4F4-187D-48F1-BFA9-E2C14901BDDE}.ExportDebug|Any CPU.Build.0 = Debug|Any CPU
		{ED6DC4F4-187D-48F1-BFA9-E2C14901BDDE}.ExportRelease|Any CPU.ActiveCfg = Debug|Any CPU
		{ED6DC4F4-187D-48F1-BFA9-E2C14901BDDE}.ExportRelease|Any CPU.Build.0 = Debug|Any CPU
	EndGlobalSection
EndGlobal
